[[package]]
name = "asyncio"
version = "3.4.3"
description = "reference implementation of PEP 3156"
category = "main"
optional = false
python-versions = "*"

[[package]]
name = "asyncpg"
version = "0.22.0"
description = "An asyncio PostgreSQL driver"
category = "main"
optional = false
python-versions = ">=3.5.0"

[package.extras]
dev = ["Cython (>=0.29.20,<0.30.0)", "pytest (>=3.6.0)", "Sphinx (>=1.7.3,<1.8.0)", "sphinxcontrib-asyncio (>=0.2.0,<0.3.0)", "sphinx-rtd-theme (>=0.2.4,<0.3.0)", "pycodestyle (>=2.5.0,<2.6.0)", "flake8 (>=3.7.9,<3.8.0)", "uvloop (>=0.14.0,<0.15.0)"]
docs = ["Sphinx (>=1.7.3,<1.8.0)", "sphinxcontrib-asyncio (>=0.2.0,<0.3.0)", "sphinx-rtd-theme (>=0.2.4,<0.3.0)"]
test = ["pycodestyle (>=2.5.0,<2.6.0)", "flake8 (>=3.7.9,<3.8.0)", "uvloop (>=0.14.0,<0.15.0)"]

[[package]]
name = "atomicwrites"
version = "1.4.0"
description = "Atomic file writes."
category = "dev"
optional = false
python-versions = ">=2.7, !=3.0.*, !=3.1.*, !=3.2.*, !=3.3.*"

[[package]]
name = "attrs"
version = "21.2.0"
description = "Classes Without Boilerplate"
category = "dev"
optional = false
python-versions = ">=2.7, !=3.0.*, !=3.1.*, !=3.2.*, !=3.3.*, !=3.4.*"

[package.extras]
dev = ["coverage[toml] (>=5.0.2)", "hypothesis", "pympler", "pytest (>=4.3.0)", "six", "mypy", "pytest-mypy-plugins", "zope.interface", "furo", "sphinx", "sphinx-notfound-page", "pre-commit"]
docs = ["furo", "sphinx", "zope.interface", "sphinx-notfound-page"]
tests = ["coverage[toml] (>=5.0.2)", "hypothesis", "pympler", "pytest (>=4.3.0)", "six", "mypy", "pytest-mypy-plugins", "zope.interface"]
tests_no_zope = ["coverage[toml] (>=5.0.2)", "hypothesis", "pympler", "pytest (>=4.3.0)", "six", "mypy", "pytest-mypy-plugins"]

[[package]]
name = "click"
version = "7.1.2"
description = "Composable command line interface toolkit"
category = "main"
optional = false
python-versions = ">=2.7, !=3.0.*, !=3.1.*, !=3.2.*, !=3.3.*, !=3.4.*"

[[package]]
name = "colorama"
version = "0.4.4"
description = "Cross-platform colored terminal text."
category = "dev"
optional = false
python-versions = ">=2.7, !=3.0.*, !=3.1.*, !=3.2.*, !=3.3.*, !=3.4.*"

[[package]]
name = "more-itertools"
version = "8.7.0"
description = "More routines for operating on iterables, beyond itertools"
category = "dev"
optional = false
python-versions = ">=3.5"

[[package]]
name = "orjson"
version = "3.5.2"
description = "Fast, correct Python JSON library supporting dataclasses, datetimes, and numpy"
category = "main"
optional = false
python-versions = ">=3.6"

[[package]]
name = "packaging"
version = "20.9"
description = "Core utilities for Python packages"
category = "dev"
optional = false
python-versions = ">=2.7, !=3.0.*, !=3.1.*, !=3.2.*, !=3.3.*"

[package.dependencies]
pyparsing = ">=2.0.2"

[[package]]
name = "pluggy"
version = "0.13.1"
description = "plugin and hook calling mechanisms for python"
category = "dev"
optional = false
python-versions = ">=2.7, !=3.0.*, !=3.1.*, !=3.2.*, !=3.3.*"

[package.extras]
dev = ["pre-commit", "tox"]

[[package]]
name = "py"
version = "1.10.0"
description = "library with cross-python path, ini-parsing, io, code, log facilities"
category = "dev"
optional = false
python-versions = ">=2.7, !=3.0.*, !=3.1.*, !=3.2.*, !=3.3.*"

[[package]]
name = "pyparsing"
version = "2.4.7"
description = "Python parsing module"
category = "dev"
optional = false
python-versions = ">=2.6, !=3.0.*, !=3.1.*, !=3.2.*"

[[package]]
name = "pytest"
version = "5.4.3"
description = "pytest: simple powerful testing with Python"
category = "dev"
optional = false
python-versions = ">=3.5"

[package.dependencies]
atomicwrites = {version = ">=1.0", markers = "sys_platform == \"win32\""}
attrs = ">=17.4.0"
colorama = {version = "*", markers = "sys_platform == \"win32\""}
more-itertools = ">=4.0.0"
packaging = "*"
pluggy = ">=0.12,<1.0"
py = ">=1.5.0"
wcwidth = "*"

[package.extras]
checkqa-mypy = ["mypy (==v0.761)"]
testing = ["argcomplete", "hypothesis (>=3.56)", "mock", "nose", "requests", "xmlschema"]

[[package]]
name = "smart-open"
version = "4.2.0"
description = "Utils for streaming large files (S3, HDFS, GCS, Azure Blob Storage, gzip, bz2...)"
category = "main"
optional = false
python-versions = ">=3.6.*"

[package.extras]
all = ["boto3", "google-cloud-storage", "azure-storage-blob", "azure-common", "azure-core", "requests"]
azure = ["azure-storage-blob", "azure-common", "azure-core"]
gcp = ["google-cloud-storage"]
http = ["requests"]
s3 = ["boto3"]
test = ["boto3", "google-cloud-storage", "azure-storage-blob", "azure-common", "azure-core", "requests", "mock", "moto[server] (==1.3.14)", "pathlib2", "responses", "boto3", "paramiko", "parameterizedtestcase", "pytest", "pytest-rerunfailures"]
webhdfs = ["requests"]

[[package]]
name = "typer"
version = "0.3.2"
description = "Typer, build great CLIs. Easy to code. Based on Python type hints."
category = "main"
optional = false
python-versions = ">=3.6"

[package.dependencies]
click = ">=7.1.1,<7.2.0"

[package.extras]
test = ["pytest-xdist (>=1.32.0,<2.0.0)", "pytest-sugar (>=0.9.4,<0.10.0)", "mypy (==0.782)", "black (>=19.10b0,<20.0b0)", "isort (>=5.0.6,<6.0.0)", "shellingham (>=1.3.0,<2.0.0)", "pytest (>=4.4.0,<5.4.0)", "pytest-cov (>=2.10.0,<3.0.0)", "coverage (>=5.2,<6.0)"]
all = ["colorama (>=0.4.3,<0.5.0)", "shellingham (>=1.3.0,<2.0.0)"]
dev = ["autoflake (>=1.3.1,<2.0.0)", "flake8 (>=3.8.3,<4.0.0)"]
doc = ["mkdocs (>=1.1.2,<2.0.0)", "mkdocs-material (>=5.4.0,<6.0.0)", "markdown-include (>=0.5.1,<0.6.0)"]

[[package]]
name = "wcwidth"
version = "0.2.5"
description = "Measures the displayed width of unicode strings in a terminal"
category = "dev"
optional = false
python-versions = "*"

[metadata]
lock-version = "1.1"
python-versions = "^3.8"
content-hash = "acb225124a6957a9e6b5e173f21fad16893af0e35fe0cb6a89c9c657269dc1fd"

[metadata.files]
asyncio = [
    {file = "asyncio-3.4.3-cp33-none-win32.whl", hash = "sha256:b62c9157d36187eca799c378e572c969f0da87cd5fc42ca372d92cdb06e7e1de"},
    {file = "asyncio-3.4.3-cp33-none-win_amd64.whl", hash = "sha256:c46a87b48213d7464f22d9a497b9eef8c1928b68320a2fa94240f969f6fec08c"},
    {file = "asyncio-3.4.3-py3-none-any.whl", hash = "sha256:c4d18b22701821de07bd6aea8b53d21449ec0ec5680645e5317062ea21817d2d"},
    {file = "asyncio-3.4.3.tar.gz", hash = "sha256:83360ff8bc97980e4ff25c964c7bd3923d333d177aa4f7fb736b019f26c7cb41"},
]
asyncpg = [
    {file = "asyncpg-0.22.0-cp35-cp35m-macosx_10_14_x86_64.whl", hash = "sha256:ccd75cfb4710c7e8debc19516e2e1d4c9863cce3f7a45a3822980d04b16f4fdd"},
    {file = "asyncpg-0.22.0-cp35-cp35m-manylinux1_x86_64.whl", hash = "sha256:3af9a8511569983481b5cf94db17b7cbecd06b5398aac9c82e4acb69bb1f4090"},
    {file = "asyncpg-0.22.0-cp36-cp36m-macosx_10_14_x86_64.whl", hash = "sha256:d1cb6e5b58a4e017335f2a1886e153a32bd213ffa9f7129ee5aced2a7210fa3c"},
    {file = "asyncpg-0.22.0-cp36-cp36m-manylinux1_x86_64.whl", hash = "sha256:0f4604a88386d68c46bf7b50c201a9718515b0d2df6d5e9ce024d78ed0f7189c"},
    {file = "asyncpg-0.22.0-cp36-cp36m-win_amd64.whl", hash = "sha256:b37efafbbec505287bd1499a88f4b59ff2b470709a1d8f7e4db198d3e2c5a2c4"},
    {file = "asyncpg-0.22.0-cp37-cp37m-macosx_10_14_x86_64.whl", hash = "sha256:1d3efdec14f3fbcc665b77619f8b420564f98b89632a21694be2101dafa6bcf2"},
    {file = "asyncpg-0.22.0-cp37-cp37m-manylinux1_x86_64.whl", hash = "sha256:f1df7cfd12ef484210717e7827cc2d4d550b16a1b4dd4566c93914c7a2259352"},
    {file = "asyncpg-0.22.0-cp37-cp37m-win_amd64.whl", hash = "sha256:1f514b13bc54bde65db6cd1d0832ae27f21093e3cb66f741e078fab77768971c"},
    {file = "asyncpg-0.22.0-cp38-cp38-macosx_10_14_x86_64.whl", hash = "sha256:82e23ba5b37c0c7ee96f290a95cbf9815b2d29b302e8b9c4af1de9b7759fd27b"},
    {file = "asyncpg-0.22.0-cp38-cp38-manylinux1_x86_64.whl", hash = "sha256:062e4ff80e68fe56066c44a8c51989a98785904bf86f49058a242a5887be6ce3"},
    {file = "asyncpg-0.22.0-cp38-cp38-win_amd64.whl", hash = "sha256:e7a67fb0244e4a5b3baaa40092d0efd642da032b5e891d75947dab993b47d925"},
    {file = "asyncpg-0.22.0-cp39-cp39-macosx_10_14_x86_64.whl", hash = "sha256:1bbe5e829de506c743cbd5240b3722e487c53669a5f1e159abcc3b92a64a985e"},
    {file = "asyncpg-0.22.0-cp39-cp39-manylinux1_x86_64.whl", hash = "sha256:2cb730241dfe650b9626eae00490cca4cfeb00871ed8b8f389f3a4507b328683"},
    {file = "asyncpg-0.22.0-cp39-cp39-win_amd64.whl", hash = "sha256:2e3875c82ae609b21e562e6befdc35e52c4290e49d03e7529275d59a0595ca97"},
    {file = "asyncpg-0.22.0.tar.gz", hash = "sha256:348ad471d9bdd77f0609a00c860142f47c81c9123f4064d13d65c8569415d802"},
]
atomicwrites = [
    {file = "atomicwrites-1.4.0-py2.py3-none-any.whl", hash = "sha256:6d1784dea7c0c8d4a5172b6c620f40b6e4cbfdf96d783691f2e1302a7b88e197"},
    {file = "atomicwrites-1.4.0.tar.gz", hash = "sha256:ae70396ad1a434f9c7046fd2dd196fc04b12f9e91ffb859164193be8b6168a7a"},
]
attrs = [
    {file = "attrs-21.2.0-py2.py3-none-any.whl", hash = "sha256:149e90d6d8ac20db7a955ad60cf0e6881a3f20d37096140088356da6c716b0b1"},
    {file = "attrs-21.2.0.tar.gz", hash = "sha256:ef6aaac3ca6cd92904cdd0d83f629a15f18053ec84e6432106f7a4d04ae4f5fb"},
]
click = [
    {file = "click-7.1.2-py2.py3-none-any.whl", hash = "sha256:dacca89f4bfadd5de3d7489b7c8a566eee0d3676333fbb50030263894c38c0dc"},
    {file = "click-7.1.2.tar.gz", hash = "sha256:d2b5255c7c6349bc1bd1e59e08cd12acbbd63ce649f2588755783aa94dfb6b1a"},
]
colorama = [
    {file = "colorama-0.4.4-py2.py3-none-any.whl", hash = "sha256:9f47eda37229f68eee03b24b9748937c7dc3868f906e8ba69fbcbdd3bc5dc3e2"},
    {file = "colorama-0.4.4.tar.gz", hash = "sha256:5941b2b48a20143d2267e95b1c2a7603ce057ee39fd88e7329b0c292aa16869b"},
]
more-itertools = [
    {file = "more-itertools-8.7.0.tar.gz", hash = "sha256:c5d6da9ca3ff65220c3bfd2a8db06d698f05d4d2b9be57e1deb2be5a45019713"},
    {file = "more_itertools-8.7.0-py3-none-any.whl", hash = "sha256:5652a9ac72209ed7df8d9c15daf4e1aa0e3d2ccd3c87f8265a0673cd9cbc9ced"},
]
orjson = [
    {file = "orjson-3.5.2-cp310-cp310-manylinux2014_aarch64.whl", hash = "sha256:2ba4165883fbef0985bce60bddbf91bc5cea77cc22b1c12fe7a716c6323ab1e7"},
    {file = "orjson-3.5.2-cp310-cp310-manylinux2014_x86_64.whl", hash = "sha256:cee746d186ba9efa47b9d52a649ee0617456a9a4d7a2cbd3ec06330bb9cb372a"},
    {file = "orjson-3.5.2-cp36-cp36m-macosx_10_7_x86_64.whl", hash = "sha256:8591a25a31a89cf2a33e30eb516ab028bad2c72fed04e323917114aaedc07c7d"},
    {file = "orjson-3.5.2-cp36-cp36m-macosx_10_9_universal2.whl", hash = "sha256:38cb8cdbf43eafc6dcbfb10a9e63c80727bb916aee0f75caf5f90e5355b266e1"},
    {file = "orjson-3.5.2-cp36-cp36m-manylinux2014_aarch64.whl", hash = "sha256:96b403796fc7e44bae843a2a83923925fe048f3a67c10a298fdfc0ff46163c14"},
    {file = "orjson-3.5.2-cp36-cp36m-manylinux2014_x86_64.whl", hash = "sha256:5b66a62d4c0c44441b23fafcd3d0892296d9793361b14bcc5a5645c88b6a4a71"},
    {file = "orjson-3.5.2-cp36-none-win_amd64.whl", hash = "sha256:609e93919268fadb871aafb7f550c3fe8d3e8c1305cadcc1610b414113b7034e"},
    {file = "orjson-3.5.2-cp37-cp37m-macosx_10_7_x86_64.whl", hash = "sha256:200bd4491052d13696456a92d23f086b68b526c2464248733964e8165ac60888"},
    {file = "orjson-3.5.2-cp37-cp37m-macosx_10_9_universal2.whl", hash = "sha256:cc614bf6bfe0181e51dd98a9c53669f08d4d8641efbf1a287113da3059773dea"},
    {file = "orjson-3.5.2-cp37-cp37m-manylinux2014_aarch64.whl", hash = "sha256:43576bed3be300e9c02629a8d5fb3340fe6474765e6eee9610067def4b3ac19c"},
    {file = "orjson-3.5.2-cp37-cp37m-manylinux2014_x86_64.whl", hash = "sha256:acd735718b531b78858a7e932c58424c5a3e39e04d61bba3d95ce8a8498ea9e9"},
    {file = "orjson-3.5.2-cp37-none-win_amd64.whl", hash = "sha256:7503145ffd1ae90d487860b97e2867ec61c2c8f001209bb12700ba7833df8ddf"},
    {file = "orjson-3.5.2-cp38-cp38-macosx_10_7_x86_64.whl", hash = "sha256:9c37cf3dbc9c81abed04ba4854454e9f0d8ac7c05fb6c4f36545733e90be6af2"},
    {file = "orjson-3.5.2-cp38-cp38-macosx_10_9_universal2.whl", hash = "sha256:8e6ef00ddc637b7d13926aaccdabac363efdfd348c132410eb054c27e2eae6a7"},
    {file = "orjson-3.5.2-cp38-cp38-manylinux2014_aarch64.whl", hash = "sha256:9d0834ca40c6e467fa1f1db3f83a8c3562c03eb2b7067ad09de5019592edb88f"},
    {file = "orjson-3.5.2-cp38-cp38-manylinux2014_x86_64.whl", hash = "sha256:d4a2ddc6342a8280dafaa69827b387b95856ef0a6c5812fe91f5bd21ddd2ef36"},
    {file = "orjson-3.5.2-cp38-none-win_amd64.whl", hash = "sha256:f54f8bcf24812a524e8904a80a365f7a287d82fc6ebdee528149616070abe5ab"},
    {file = "orjson-3.5.2-cp39-cp39-macosx_10_7_x86_64.whl", hash = "sha256:8b429471398ea37d848fb53bca6a8c42fb776c278f4fcb6a1d651b8f1fb64947"},
    {file = "orjson-3.5.2-cp39-cp39-macosx_10_9_universal2.whl", hash = "sha256:13fd458110fbe019c2a67ee539678189444f73bc09b27983c9b42663c63e0445"},
    {file = "orjson-3.5.2-cp39-cp39-manylinux2014_aarch64.whl", hash = "sha256:8bf1145a06e1245f0c8a8c32df6ffe52d214eb4eb88c3fb32e4ed14e3dc38e0e"},
    {file = "orjson-3.5.2-cp39-cp39-manylinux2014_x86_64.whl", hash = "sha256:7e3434010e3f0680e92bb0a6094e4d5c939d0c4258c76397c6bd5263c7d62e86"},
    {file = "orjson-3.5.2-cp39-none-win_amd64.whl", hash = "sha256:df9730cc8cd22b3f54aa55317257f3279e6300157fc0f4ed4424586cd7eb012d"},
    {file = "orjson-3.5.2.tar.gz", hash = "sha256:f385253a6ddac37ea422ec2c0d35772b4f5bf0dc0803ce44543bf7e530423ef8"},
]
packaging = [
    {file = "packaging-20.9-py2.py3-none-any.whl", hash = "sha256:67714da7f7bc052e064859c05c595155bd1ee9f69f76557e21f051443c20947a"},
    {file = "packaging-20.9.tar.gz", hash = "sha256:5b327ac1320dc863dca72f4514ecc086f31186744b84a230374cc1fd776feae5"},
]
pluggy = [
    {file = "pluggy-0.13.1-py2.py3-none-any.whl", hash = "sha256:966c145cd83c96502c3c3868f50408687b38434af77734af1e9ca461a4081d2d"},
    {file = "pluggy-0.13.1.tar.gz", hash = "sha256:15b2acde666561e1298d71b523007ed7364de07029219b604cf808bfa1c765b0"},
]
py = [
    {file = "py-1.10.0-py2.py3-none-any.whl", hash = "sha256:3b80836aa6d1feeaa108e046da6423ab8f6ceda6468545ae8d02d9d58d18818a"},
    {file = "py-1.10.0.tar.gz", hash = "sha256:21b81bda15b66ef5e1a777a21c4dcd9c20ad3efd0b3f817e7a809035269e1bd3"},
]
pyparsing = [
    {file = "pyparsing-2.4.7-py2.py3-none-any.whl", hash = "sha256:ef9d7589ef3c200abe66653d3f1ab1033c3c419ae9b9bdb1240a85b024efc88b"},
    {file = "pyparsing-2.4.7.tar.gz", hash = "sha256:c203ec8783bf771a155b207279b9bccb8dea02d8f0c9e5f8ead507bc3246ecc1"},
]
pytest = [
    {file = "pytest-5.4.3-py3-none-any.whl", hash = "sha256:5c0db86b698e8f170ba4582a492248919255fcd4c79b1ee64ace34301fb589a1"},
    {file = "pytest-5.4.3.tar.gz", hash = "sha256:7979331bfcba207414f5e1263b5a0f8f521d0f457318836a7355531ed1a4c7d8"},
]
smart-open = [
    {file = "smart_open-4.2.0.tar.gz", hash = "sha256:d9f5a0f173ccb9bbae528db5a3804f57145815774f77ef755b9b0f3b4b2a9dcb"},
]
typer = [
    {file = "typer-0.3.2-py3-none-any.whl", hash = "sha256:ba58b920ce851b12a2d790143009fa00ac1d05b3ff3257061ff69dbdfc3d161b"},
    {file = "typer-0.3.2.tar.gz", hash = "sha256:5455d750122cff96745b0dec87368f56d023725a7ebc9d2e54dd23dc86816303"},
]
wcwidth = [
    {file = "wcwidth-0.2.5-py2.py3-none-any.whl", hash = "sha256:beb4802a9cebb9144e99086eff703a642a13d6a0052920003a230f3294bbe784"},
    {file = "wcwidth-0.2.5.tar.gz", hash = "sha256:c4d647b99872929fdb7bdcaa4fbe7f01413ed3d98077df798530e5b04f116c83"},
]
